<Solution>
  <Folder Name="/Template/">
    <Project Path="Template/AotTest/AotTest.csproj" />
    <Project Path="Template/Test1/Test1.csproj" />
  </Folder>
  <Project Path="../Common/XUnitWrapperGenerator/XUnitWrapperGenerator.csproj" />
  <Project Path="DynamicGenericMethod/DynamicGenericMethod.csproj" />
</Solution>
